PODS:
  - KeenClientTD (3.2.32)
  - React (0.51.0):
    - React/Core (= 0.51.0)
  - React/Core (0.51.0):
    - yoga (= 0.51.0.React)
  - RNTreasureData (0.9.2):
    - TreasureData-iOS-SDK
  - TreasureData-iOS-SDK (0.1.24):
    - KeenClientTD (= 3.2.32)
  - yoga (0.51.0.React)

DEPENDENCIES:
  - React (from `../node_modules/react-native`)
  - RNTreasureData (from `../node_modules/react-native-td`)
  - yoga (from `../node_modules/react-native/ReactCommon/yoga/Yoga.podspec`)

EXTERNAL SOURCES:
  React:
    :path: ../node_modules/react-native
  RNTreasureData:
    :path: ../node_modules/react-native-td
  yoga:
    :path: ../node_modules/react-native/ReactCommon/yoga/Yoga.podspec

SPEC CHECKSUMS:
  KeenClientTD: 66da83b01742f4983925391e70b5beecb4096bd1
  React: 541ba768b9855e10cdc76f55427a5cd0653ca806
  RNTreasureData: c40d07b95e5f734c91ca1e6beb2576e5a9f2602d
  TreasureData-iOS-SDK: e8b6d8cde3807c4ad600eb132227fb4eb20762bd
  yoga: 17521bbb0dd54a47c0b3ac43253e78cdac7488e0

PODFILE CHECKSUM: e5e8f54f971ee927a3ed7a5d8cafd10544618bfe

COCOAPODS: 1.4.0
